{
  "pins" : [
    {
      "identity" : "nativecalendar",
      "kind" : "remoteSourceControl",
      "location" : "https://github.com/ahmedtalaatshaker/NativeCalendar",
      "state" : {
        "branch" : "main",
        "revision" : "fcc6015d6efcbf3b0faad3e827ef035638727acd"
      }
    }
  ],
  "version" : 2
}
